
Microsoft Visual Studio Solution File, Format Version 12.00
# Visual Studio Version 16
VisualStudioVersion = 16.0.30114.105
MinimumVisualStudioVersion = 10.0.40219.1
Project("{FAE04EC0-301F-11D3-BF4B-00C04F79EFBC}") = "AnimesFavoritos", "AnimesFavoritos\AnimesFavoritos.csproj", "{037E2388-04DE-4725-B3D3-BE6B735C0703}"
EndProject
Global
	GlobalSection(SolutionConfigurationPlatforms) = preSolution
		Debug|Any CPU = Debug|Any CPU
		Release|Any CPU = Release|Any CPU
	EndGlobalSection
	GlobalSection(SolutionProperties) = preSolution
		HideSolutionNode = FALSE
	EndGlobalSection
	GlobalSection(ProjectConfigurationPlatforms) = postSolution
		{037E2388-04DE-4725-B3D3-BE6B735C0703}.Debug|Any CPU.ActiveCfg = Debug|Any CPU
		{037E2388-04DE-4725-B3D3-BE6B735C0703}.Debug|Any CPU.Build.0 = Debug|Any CPU
		{037E2388-04DE-4725-B3D3-BE6B735C0703}.Release|Any CPU.ActiveCfg = Release|Any CPU
		{037E2388-04DE-4725-B3D3-BE6B735C0703}.Release|Any CPU.Build.0 = Release|Any CPU
	EndGlobalSection
EndGlobal
